
Microsoft Visual Studio Solution File, Format Version 12.00
# Visual Studio 2012
Project("{8BC9CEB8-8B4A-11D0-8D11-00A0C91BC942}") = "66", "66\66.vcxproj", "{FA6FD38F-8A9E-42DE-B2D1-C45F65B13D78}"
EndProject
Global
	GlobalSection(SolutionConfigurationPlatforms) = preSolution
		Debug|Win32 = Debug|Win32
		Release|Win32 = Release|Win32
	EndGlobalSection
	GlobalSection(ProjectConfigurationPlatforms) = postSolution
		{FA6FD38F-8A9E-42DE-B2D1-C45F65B13D78}.Debug|Win32.ActiveCfg = Debug|Win32
		{FA6FD38F-8A9E-42DE-B2D1-C45F65B13D78}.Debug|Win32.Build.0 = Debug|Win32
		{FA6FD38F-8A9E-42DE-B2D1-C45F65B13D78}.Release|Win32.ActiveCfg = Release|Win32
		{FA6FD38F-8A9E-42DE-B2D1-C45F65B13D78}.Release|Win32.Build.0 = Release|Win32
	EndGlobalSection
	GlobalSection(SolutionProperties) = preSolution
		HideSolutionNode = FALSE
	EndGlobalSection
EndGlobal
