
Microsoft Visual Studio Solution File, Format Version 12.00
# Visual Studio 2012
Project("{8BC9CEB8-8B4A-11D0-8D11-00A0C91BC942}") = "60", "60\60.vcxproj", "{E62D8886-DFF0-4C1E-9778-5334C5649ECA}"
EndProject
Global
	GlobalSection(SolutionConfigurationPlatforms) = preSolution
		Debug|Win32 = Debug|Win32
		Release|Win32 = Release|Win32
	EndGlobalSection
	GlobalSection(ProjectConfigurationPlatforms) = postSolution
		{E62D8886-DFF0-4C1E-9778-5334C5649ECA}.Debug|Win32.ActiveCfg = Debug|Win32
		{E62D8886-DFF0-4C1E-9778-5334C5649ECA}.Debug|Win32.Build.0 = Debug|Win32
		{E62D8886-DFF0-4C1E-9778-5334C5649ECA}.Release|Win32.ActiveCfg = Release|Win32
		{E62D8886-DFF0-4C1E-9778-5334C5649ECA}.Release|Win32.Build.0 = Release|Win32
	EndGlobalSection
	GlobalSection(SolutionProperties) = preSolution
		HideSolutionNode = FALSE
	EndGlobalSection
EndGlobal
